
Microsoft Visual Studio Solution File, Format Version 12.00
# Visual Studio Version 16
VisualStudioVersion = 16.0.32510.428
MinimumVisualStudioVersion = 10.0.40219.1
Project("{9A19103F-16F7-4668-BE54-9A1E7A4F7556}") = "Array", "delegate_events\Array.csproj", "{82BD8464-B5F1-44C9-AD4B-E2873563F3B0}"
EndProject
Project("{9A19103F-16F7-4668-BE54-9A1E7A4F7556}") = "List", "List\List.csproj", "{57519464-F086-4B20-96B6-6CCF857B7480}"
EndProject
Project("{9A19103F-16F7-4668-BE54-9A1E7A4F7556}") = "List-2", "List-2\List-2.csproj", "{7CD687BA-AB97-42B1-A1A6-B0DAD9DF2921}"
EndProject
Project("{9A19103F-16F7-4668-BE54-9A1E7A4F7556}") = "ArrayQue", "ArrayQue\ArrayQue.csproj", "{CBE13D2E-54D2-444A-BCD6-8E3667BF3AD7}"
EndProject
Project("{9A19103F-16F7-4668-BE54-9A1E7A4F7556}") = "ArrayDeque", "ArrayDeque\ArrayDeque.csproj", "{486FE91C-7B47-4BC4-95EF-6A6FD6375848}"
EndProject
Project("{9A19103F-16F7-4668-BE54-9A1E7A4F7556}") = "HashTable", "HashTable\HashTable.csproj", "{630DE5D1-39AE-47A5-8445-4F0DCA87782A}"
EndProject
Project("{9A19103F-16F7-4668-BE54-9A1E7A4F7556}") = "HashMapChaining", "HashMapChaining\HashMapChaining.csproj", "{FC154944-B72E-4996-A872-A4DEB20F5739}"
EndProject
Project("{9A19103F-16F7-4668-BE54-9A1E7A4F7556}") = "HashTableOpenAddr", "HashTableOpenAddr\HashTableOpenAddr.csproj", "{0422FF90-C304-4943-974A-2DF8EF0D1597}"
EndProject
Project("{9A19103F-16F7-4668-BE54-9A1E7A4F7556}") = "BinaryTree", "BinaryTree\BinaryTree.csproj", "{11A1F248-FA65-47A4-AC1E-CFAF9F3E01CF}"
EndProject
Project("{9A19103F-16F7-4668-BE54-9A1E7A4F7556}") = "BinarySearchTree", "BinarySearchTree\BinarySearchTree.csproj", "{6AADE594-F452-4941-812F-7D8F151C5DEB}"
EndProject
Project("{9A19103F-16F7-4668-BE54-9A1E7A4F7556}") = "AVLTree", "AVLTree\AVLTree.csproj", "{B0AFDA7B-E14C-426A-B4ED-09C9389036A9}"
EndProject
Project("{9A19103F-16F7-4668-BE54-9A1E7A4F7556}") = "Heap", "Heap\Heap.csproj", "{537B9660-CC56-4A86-B249-7056D97A2260}"
EndProject
Project("{9A19103F-16F7-4668-BE54-9A1E7A4F7556}") = "Graphy", "Graphy\Graphy.csproj", "{B6C2432E-F46E-4354-874D-96EBD4FB0E6D}"
EndProject
Project("{9A19103F-16F7-4668-BE54-9A1E7A4F7556}") = "Algorithms_searches", "Algorithms_searches\Algorithms_searches.csproj", "{54759C25-603D-4623-83A1-3E330AF5F40B}"
EndProject
Project("{9A19103F-16F7-4668-BE54-9A1E7A4F7556}") = "Sort_Algorithms", "Sort_Algorithms\Sort_Algorithms.csproj", "{9683EF53-AD39-4402-99CC-F347083B74B6}"
EndProject
Project("{9A19103F-16F7-4668-BE54-9A1E7A4F7556}") = "DeepintoCsharp", "DeepintoCsharp\DeepintoCsharp.csproj", "{AD6B63E2-19D3-4031-8509-46D493452EA8}"
EndProject
Project("{9A19103F-16F7-4668-BE54-9A1E7A4F7556}") = "DiveIntoDelegate", "DiveIntoDelegate\DiveIntoDelegate.csproj", "{F07F370F-ED07-46F8-89BF-942A458F8079}"
EndProject
Project("{9A19103F-16F7-4668-BE54-9A1E7A4F7556}") = "DiveIntoEvent", "DiveIntoEvent\DiveIntoEvent.csproj", "{52B87FBE-3C70-4F4D-8385-A243C9CC8F7D}"
EndProject
Project("{9A19103F-16F7-4668-BE54-9A1E7A4F7556}") = "DiveInThead", "DiveInThead\DiveInThead.csproj", "{9B20EBC9-2226-405D-BDEC-25985C1C5732}"
EndProject
Project("{9A19103F-16F7-4668-BE54-9A1E7A4F7556}") = "DiveEventw", "DiveEventw\DiveEventw.csproj", "{7DF9F026-BEFA-49C5-AA9F-AD8707212F88}"
EndProject
Project("{9A19103F-16F7-4668-BE54-9A1E7A4F7556}") = "DiveIntoOOP", "DiveIntoOOP\DiveIntoOOP.csproj", "{B198C068-62BF-4CF6-88D1-4C7D16875556}"
EndProject
Project("{9A19103F-16F7-4668-BE54-9A1E7A4F7556}") = "InterfaceExample3.Tests", "InterfaceExample3.Tests\InterfaceExample3.Tests.csproj", "{6A9E7DC2-F880-4CA1-B28C-266964F33B3B}"
EndProject
Project("{9A19103F-16F7-4668-BE54-9A1E7A4F7556}") = "DiveIntoReflection", "DiveIntoReflection\DiveIntoReflection.csproj", "{732A5813-2AEC-4ABD-B11F-75B504590376}"
EndProject
Project("{9A19103F-16F7-4668-BE54-9A1E7A4F7556}") = "GenericDiveInto", "GenericDiveInto\GenericDiveInto.csproj", "{F56306A2-C6CA-420A-91DF-3B56F454029C}"
EndProject
Project("{9A19103F-16F7-4668-BE54-9A1E7A4F7556}") = "DelegateGenericAndLINQ", "DelegateGenericAndLINQ\DelegateGenericAndLINQ.csproj", "{A0D1C597-952B-4145-86DB-F9790A4D4729}"
EndProject
Project("{9A19103F-16F7-4668-BE54-9A1E7A4F7556}") = "Dependency_Injection", "Dependency_Injection\Dependency_Injection.csproj", "{1543FAD8-4EF4-4496-B1FD-7A9E49160494}"
EndProject
Project("{9A19103F-16F7-4668-BE54-9A1E7A4F7556}") = "DenpendencyInjection_project", "DenpendencyInjection_project\DenpendencyInjection_project.csproj", "{E40E3BBF-F8FD-4055-969E-B48544F33910}"
EndProject
Project("{9A19103F-16F7-4668-BE54-9A1E7A4F7556}") = "Animal.lib", "Animal.lib\Animal.lib.csproj", "{CAFFCCA0-8086-45EC-9758-306079587936}"
EndProject
Project("{9A19103F-16F7-4668-BE54-9A1E7A4F7556}") = "DI.SDK", "DI.SDK\DI.SDK.csproj", "{EA44CF9B-9E63-4403-8F08-10C05FFA3199}"
EndProject
Project("{9A19103F-16F7-4668-BE54-9A1E7A4F7556}") = "DivideAndConquer", "DivideAndConquer\DivideAndConquer.csproj", "{1F9A6F12-F38D-47E3-9F46-A268A9954505}"
EndProject
Project("{FAE04EC0-301F-11D3-BF4B-00C04F79EFBC}") = "BackTrackingAlgo", "BackTrackingAlgo\BackTrackingAlgo.csproj", "{BC781743-6639-40A7-8C9E-9B5A71225ADF}"
EndProject
Global
	GlobalSection(SolutionConfigurationPlatforms) = preSolution
		Debug|Any CPU = Debug|Any CPU
		Release|Any CPU = Release|Any CPU
	EndGlobalSection
	GlobalSection(ProjectConfigurationPlatforms) = postSolution
		{82BD8464-B5F1-44C9-AD4B-E2873563F3B0}.Debug|Any CPU.ActiveCfg = Debug|Any CPU
		{82BD8464-B5F1-44C9-AD4B-E2873563F3B0}.Debug|Any CPU.Build.0 = Debug|Any CPU
		{82BD8464-B5F1-44C9-AD4B-E2873563F3B0}.Release|Any CPU.ActiveCfg = Release|Any CPU
		{82BD8464-B5F1-44C9-AD4B-E2873563F3B0}.Release|Any CPU.Build.0 = Release|Any CPU
		{57519464-F086-4B20-96B6-6CCF857B7480}.Debug|Any CPU.ActiveCfg = Debug|Any CPU
		{57519464-F086-4B20-96B6-6CCF857B7480}.Debug|Any CPU.Build.0 = Debug|Any CPU
		{57519464-F086-4B20-96B6-6CCF857B7480}.Release|Any CPU.ActiveCfg = Release|Any CPU
		{57519464-F086-4B20-96B6-6CCF857B7480}.Release|Any CPU.Build.0 = Release|Any CPU
		{7CD687BA-AB97-42B1-A1A6-B0DAD9DF2921}.Debug|Any CPU.ActiveCfg = Debug|Any CPU
		{7CD687BA-AB97-42B1-A1A6-B0DAD9DF2921}.Debug|Any CPU.Build.0 = Debug|Any CPU
		{7CD687BA-AB97-42B1-A1A6-B0DAD9DF2921}.Release|Any CPU.ActiveCfg = Release|Any CPU
		{7CD687BA-AB97-42B1-A1A6-B0DAD9DF2921}.Release|Any CPU.Build.0 = Release|Any CPU
		{CBE13D2E-54D2-444A-BCD6-8E3667BF3AD7}.Debug|Any CPU.ActiveCfg = Debug|Any CPU
		{CBE13D2E-54D2-444A-BCD6-8E3667BF3AD7}.Debug|Any CPU.Build.0 = Debug|Any CPU
		{CBE13D2E-54D2-444A-BCD6-8E3667BF3AD7}.Release|Any CPU.ActiveCfg = Release|Any CPU
		{CBE13D2E-54D2-444A-BCD6-8E3667BF3AD7}.Release|Any CPU.Build.0 = Release|Any CPU
		{486FE91C-7B47-4BC4-95EF-6A6FD6375848}.Debug|Any CPU.ActiveCfg = Debug|Any CPU
		{486FE91C-7B47-4BC4-95EF-6A6FD6375848}.Debug|Any CPU.Build.0 = Debug|Any CPU
		{486FE91C-7B47-4BC4-95EF-6A6FD6375848}.Release|Any CPU.ActiveCfg = Release|Any CPU
		{486FE91C-7B47-4BC4-95EF-6A6FD6375848}.Release|Any CPU.Build.0 = Release|Any CPU
		{630DE5D1-39AE-47A5-8445-4F0DCA87782A}.Debug|Any CPU.ActiveCfg = Debug|Any CPU
		{630DE5D1-39AE-47A5-8445-4F0DCA87782A}.Debug|Any CPU.Build.0 = Debug|Any CPU
		{630DE5D1-39AE-47A5-8445-4F0DCA87782A}.Release|Any CPU.ActiveCfg = Release|Any CPU
		{630DE5D1-39AE-47A5-8445-4F0DCA87782A}.Release|Any CPU.Build.0 = Release|Any CPU
		{FC154944-B72E-4996-A872-A4DEB20F5739}.Debug|Any CPU.ActiveCfg = Debug|Any CPU
		{FC154944-B72E-4996-A872-A4DEB20F5739}.Debug|Any CPU.Build.0 = Debug|Any CPU
		{FC154944-B72E-4996-A872-A4DEB20F5739}.Release|Any CPU.ActiveCfg = Release|Any CPU
		{FC154944-B72E-4996-A872-A4DEB20F5739}.Release|Any CPU.Build.0 = Release|Any CPU
		{0422FF90-C304-4943-974A-2DF8EF0D1597}.Debug|Any CPU.ActiveCfg = Debug|Any CPU
		{0422FF90-C304-4943-974A-2DF8EF0D1597}.Debug|Any CPU.Build.0 = Debug|Any CPU
		{0422FF90-C304-4943-974A-2DF8EF0D1597}.Release|Any CPU.ActiveCfg = Release|Any CPU
		{0422FF90-C304-4943-974A-2DF8EF0D1597}.Release|Any CPU.Build.0 = Release|Any CPU
		{11A1F248-FA65-47A4-AC1E-CFAF9F3E01CF}.Debug|Any CPU.ActiveCfg = Debug|Any CPU
		{11A1F248-FA65-47A4-AC1E-CFAF9F3E01CF}.Debug|Any CPU.Build.0 = Debug|Any CPU
		{11A1F248-FA65-47A4-AC1E-CFAF9F3E01CF}.Release|Any CPU.ActiveCfg = Release|Any CPU
		{11A1F248-FA65-47A4-AC1E-CFAF9F3E01CF}.Release|Any CPU.Build.0 = Release|Any CPU
		{6AADE594-F452-4941-812F-7D8F151C5DEB}.Debug|Any CPU.ActiveCfg = Debug|Any CPU
		{6AADE594-F452-4941-812F-7D8F151C5DEB}.Debug|Any CPU.Build.0 = Debug|Any CPU
		{6AADE594-F452-4941-812F-7D8F151C5DEB}.Release|Any CPU.ActiveCfg = Release|Any CPU
		{6AADE594-F452-4941-812F-7D8F151C5DEB}.Release|Any CPU.Build.0 = Release|Any CPU
		{B0AFDA7B-E14C-426A-B4ED-09C9389036A9}.Debug|Any CPU.ActiveCfg = Debug|Any CPU
		{B0AFDA7B-E14C-426A-B4ED-09C9389036A9}.Debug|Any CPU.Build.0 = Debug|Any CPU
		{B0AFDA7B-E14C-426A-B4ED-09C9389036A9}.Release|Any CPU.ActiveCfg = Release|Any CPU
		{B0AFDA7B-E14C-426A-B4ED-09C9389036A9}.Release|Any CPU.Build.0 = Release|Any CPU
		{537B9660-CC56-4A86-B249-7056D97A2260}.Debug|Any CPU.ActiveCfg = Debug|Any CPU
		{537B9660-CC56-4A86-B249-7056D97A2260}.Debug|Any CPU.Build.0 = Debug|Any CPU
		{537B9660-CC56-4A86-B249-7056D97A2260}.Release|Any CPU.ActiveCfg = Release|Any CPU
		{537B9660-CC56-4A86-B249-7056D97A2260}.Release|Any CPU.Build.0 = Release|Any CPU
		{B6C2432E-F46E-4354-874D-96EBD4FB0E6D}.Debug|Any CPU.ActiveCfg = Debug|Any CPU
		{B6C2432E-F46E-4354-874D-96EBD4FB0E6D}.Debug|Any CPU.Build.0 = Debug|Any CPU
		{B6C2432E-F46E-4354-874D-96EBD4FB0E6D}.Release|Any CPU.ActiveCfg = Release|Any CPU
		{B6C2432E-F46E-4354-874D-96EBD4FB0E6D}.Release|Any CPU.Build.0 = Release|Any CPU
		{54759C25-603D-4623-83A1-3E330AF5F40B}.Debug|Any CPU.ActiveCfg = Debug|Any CPU
		{54759C25-603D-4623-83A1-3E330AF5F40B}.Debug|Any CPU.Build.0 = Debug|Any CPU
		{54759C25-603D-4623-83A1-3E330AF5F40B}.Release|Any CPU.ActiveCfg = Release|Any CPU
		{54759C25-603D-4623-83A1-3E330AF5F40B}.Release|Any CPU.Build.0 = Release|Any CPU
		{9683EF53-AD39-4402-99CC-F347083B74B6}.Debug|Any CPU.ActiveCfg = Debug|Any CPU
		{9683EF53-AD39-4402-99CC-F347083B74B6}.Debug|Any CPU.Build.0 = Debug|Any CPU
		{9683EF53-AD39-4402-99CC-F347083B74B6}.Release|Any CPU.ActiveCfg = Release|Any CPU
		{9683EF53-AD39-4402-99CC-F347083B74B6}.Release|Any CPU.Build.0 = Release|Any CPU
		{AD6B63E2-19D3-4031-8509-46D493452EA8}.Debug|Any CPU.ActiveCfg = Debug|Any CPU
		{AD6B63E2-19D3-4031-8509-46D493452EA8}.Debug|Any CPU.Build.0 = Debug|Any CPU
		{AD6B63E2-19D3-4031-8509-46D493452EA8}.Release|Any CPU.ActiveCfg = Release|Any CPU
		{AD6B63E2-19D3-4031-8509-46D493452EA8}.Release|Any CPU.Build.0 = Release|Any CPU
		{F07F370F-ED07-46F8-89BF-942A458F8079}.Debug|Any CPU.ActiveCfg = Debug|Any CPU
		{F07F370F-ED07-46F8-89BF-942A458F8079}.Debug|Any CPU.Build.0 = Debug|Any CPU
		{F07F370F-ED07-46F8-89BF-942A458F8079}.Release|Any CPU.ActiveCfg = Release|Any CPU
		{F07F370F-ED07-46F8-89BF-942A458F8079}.Release|Any CPU.Build.0 = Release|Any CPU
		{52B87FBE-3C70-4F4D-8385-A243C9CC8F7D}.Debug|Any CPU.ActiveCfg = Debug|Any CPU
		{52B87FBE-3C70-4F4D-8385-A243C9CC8F7D}.Debug|Any CPU.Build.0 = Debug|Any CPU
		{52B87FBE-3C70-4F4D-8385-A243C9CC8F7D}.Release|Any CPU.ActiveCfg = Release|Any CPU
		{52B87FBE-3C70-4F4D-8385-A243C9CC8F7D}.Release|Any CPU.Build.0 = Release|Any CPU
		{9B20EBC9-2226-405D-BDEC-25985C1C5732}.Debug|Any CPU.ActiveCfg = Debug|Any CPU
		{9B20EBC9-2226-405D-BDEC-25985C1C5732}.Debug|Any CPU.Build.0 = Debug|Any CPU
		{9B20EBC9-2226-405D-BDEC-25985C1C5732}.Release|Any CPU.ActiveCfg = Release|Any CPU
		{9B20EBC9-2226-405D-BDEC-25985C1C5732}.Release|Any CPU.Build.0 = Release|Any CPU
		{7DF9F026-BEFA-49C5-AA9F-AD8707212F88}.Debug|Any CPU.ActiveCfg = Debug|Any CPU
		{7DF9F026-BEFA-49C5-AA9F-AD8707212F88}.Debug|Any CPU.Build.0 = Debug|Any CPU
		{7DF9F026-BEFA-49C5-AA9F-AD8707212F88}.Release|Any CPU.ActiveCfg = Release|Any CPU
		{7DF9F026-BEFA-49C5-AA9F-AD8707212F88}.Release|Any CPU.Build.0 = Release|Any CPU
		{B198C068-62BF-4CF6-88D1-4C7D16875556}.Debug|Any CPU.ActiveCfg = Debug|Any CPU
		{B198C068-62BF-4CF6-88D1-4C7D16875556}.Debug|Any CPU.Build.0 = Debug|Any CPU
		{B198C068-62BF-4CF6-88D1-4C7D16875556}.Release|Any CPU.ActiveCfg = Release|Any CPU
		{B198C068-62BF-4CF6-88D1-4C7D16875556}.Release|Any CPU.Build.0 = Release|Any CPU
		{6A9E7DC2-F880-4CA1-B28C-266964F33B3B}.Debug|Any CPU.ActiveCfg = Debug|Any CPU
		{6A9E7DC2-F880-4CA1-B28C-266964F33B3B}.Debug|Any CPU.Build.0 = Debug|Any CPU
		{6A9E7DC2-F880-4CA1-B28C-266964F33B3B}.Release|Any CPU.ActiveCfg = Release|Any CPU
		{6A9E7DC2-F880-4CA1-B28C-266964F33B3B}.Release|Any CPU.Build.0 = Release|Any CPU
		{732A5813-2AEC-4ABD-B11F-75B504590376}.Debug|Any CPU.ActiveCfg = Debug|Any CPU
		{732A5813-2AEC-4ABD-B11F-75B504590376}.Debug|Any CPU.Build.0 = Debug|Any CPU
		{732A5813-2AEC-4ABD-B11F-75B504590376}.Release|Any CPU.ActiveCfg = Release|Any CPU
		{732A5813-2AEC-4ABD-B11F-75B504590376}.Release|Any CPU.Build.0 = Release|Any CPU
		{F56306A2-C6CA-420A-91DF-3B56F454029C}.Debug|Any CPU.ActiveCfg = Debug|Any CPU
		{F56306A2-C6CA-420A-91DF-3B56F454029C}.Debug|Any CPU.Build.0 = Debug|Any CPU
		{F56306A2-C6CA-420A-91DF-3B56F454029C}.Release|Any CPU.ActiveCfg = Release|Any CPU
		{F56306A2-C6CA-420A-91DF-3B56F454029C}.Release|Any CPU.Build.0 = Release|Any CPU
		{A0D1C597-952B-4145-86DB-F9790A4D4729}.Debug|Any CPU.ActiveCfg = Debug|Any CPU
		{A0D1C597-952B-4145-86DB-F9790A4D4729}.Debug|Any CPU.Build.0 = Debug|Any CPU
		{A0D1C597-952B-4145-86DB-F9790A4D4729}.Release|Any CPU.ActiveCfg = Release|Any CPU
		{A0D1C597-952B-4145-86DB-F9790A4D4729}.Release|Any CPU.Build.0 = Release|Any CPU
		{1543FAD8-4EF4-4496-B1FD-7A9E49160494}.Debug|Any CPU.ActiveCfg = Debug|Any CPU
		{1543FAD8-4EF4-4496-B1FD-7A9E49160494}.Debug|Any CPU.Build.0 = Debug|Any CPU
		{1543FAD8-4EF4-4496-B1FD-7A9E49160494}.Release|Any CPU.ActiveCfg = Release|Any CPU
		{1543FAD8-4EF4-4496-B1FD-7A9E49160494}.Release|Any CPU.Build.0 = Release|Any CPU
		{E40E3BBF-F8FD-4055-969E-B48544F33910}.Debug|Any CPU.ActiveCfg = Debug|Any CPU
		{E40E3BBF-F8FD-4055-969E-B48544F33910}.Debug|Any CPU.Build.0 = Debug|Any CPU
		{E40E3BBF-F8FD-4055-969E-B48544F33910}.Release|Any CPU.ActiveCfg = Release|Any CPU
		{E40E3BBF-F8FD-4055-969E-B48544F33910}.Release|Any CPU.Build.0 = Release|Any CPU
		{CAFFCCA0-8086-45EC-9758-306079587936}.Debug|Any CPU.ActiveCfg = Debug|Any CPU
		{CAFFCCA0-8086-45EC-9758-306079587936}.Debug|Any CPU.Build.0 = Debug|Any CPU
		{CAFFCCA0-8086-45EC-9758-306079587936}.Release|Any CPU.ActiveCfg = Release|Any CPU
		{CAFFCCA0-8086-45EC-9758-306079587936}.Release|Any CPU.Build.0 = Release|Any CPU
		{EA44CF9B-9E63-4403-8F08-10C05FFA3199}.Debug|Any CPU.ActiveCfg = Debug|Any CPU
		{EA44CF9B-9E63-4403-8F08-10C05FFA3199}.Debug|Any CPU.Build.0 = Debug|Any CPU
		{EA44CF9B-9E63-4403-8F08-10C05FFA3199}.Release|Any CPU.ActiveCfg = Release|Any CPU
		{EA44CF9B-9E63-4403-8F08-10C05FFA3199}.Release|Any CPU.Build.0 = Release|Any CPU
		{1F9A6F12-F38D-47E3-9F46-A268A9954505}.Debug|Any CPU.ActiveCfg = Debug|Any CPU
		{1F9A6F12-F38D-47E3-9F46-A268A9954505}.Debug|Any CPU.Build.0 = Debug|Any CPU
		{1F9A6F12-F38D-47E3-9F46-A268A9954505}.Release|Any CPU.ActiveCfg = Release|Any CPU
		{1F9A6F12-F38D-47E3-9F46-A268A9954505}.Release|Any CPU.Build.0 = Release|Any CPU
		{BC781743-6639-40A7-8C9E-9B5A71225ADF}.Debug|Any CPU.ActiveCfg = Debug|Any CPU
		{BC781743-6639-40A7-8C9E-9B5A71225ADF}.Debug|Any CPU.Build.0 = Debug|Any CPU
		{BC781743-6639-40A7-8C9E-9B5A71225ADF}.Release|Any CPU.ActiveCfg = Release|Any CPU
		{BC781743-6639-40A7-8C9E-9B5A71225ADF}.Release|Any CPU.Build.0 = Release|Any CPU
	EndGlobalSection
	GlobalSection(SolutionProperties) = preSolution
		HideSolutionNode = FALSE
	EndGlobalSection
	GlobalSection(ExtensibilityGlobals) = postSolution
		SolutionGuid = {78A5348F-64F5-4FD0-8B1F-7015C4278605}
	EndGlobalSection
EndGlobal
